
Microsoft Visual Studio Solution File, Format Version 12.00
# Visual Studio Version 16
VisualStudioVersion = 16.0.28803.202
MinimumVisualStudioVersion = 10.0.40219.1
Project("{9A19103F-16F7-4668-BE54-9A1E7A4F7556}") = "Domore.Logs", "Domore.Logs\Domore.Logs.csproj", "{EDA74700-C454-41FA-985D-0F6F0348FF1A}"
EndProject
Project("{9A19103F-16F7-4668-BE54-9A1E7A4F7556}") = "Domore.Logs.Sample", "Domore.Logs.Sample\Domore.Logs.Sample.csproj", "{67910DB4-8729-4BB7-95AF-5E66C1B8F2A9}"
EndProject
Project("{2150E333-8FDC-42A3-9474-1A3956D46DE8}") = "sample", "sample", "{0834A82A-6822-49FE-8F5F-A97310B0DDE4}"
EndProject
Project("{2150E333-8FDC-42A3-9474-1A3956D46DE8}") = "test", "test", "{93C21B4C-F347-4C0F-84E6-C1F89DA0CAC8}"
EndProject
Project("{9A19103F-16F7-4668-BE54-9A1E7A4F7556}") = "Domore.Logs.Test", "Domore.Logs.Test\Domore.Logs.Test.csproj", "{6B152B45-2815-4EB8-84C0-21DC8235E095}"
EndProject
Project("{2150E333-8FDC-42A3-9474-1A3956D46DE8}") = "release", "release", "{43178BAC-0253-479B-9E56-640E787554FB}"
EndProject
Project("{9A19103F-16F7-4668-BE54-9A1E7A4F7556}") = "Domore.Release", "Domore.Release\Domore.Release.csproj", "{77FDE8EE-77E3-4C95-8A2D-BABE53EC7B98}"
EndProject
Project("{2150E333-8FDC-42A3-9474-1A3956D46DE8}") = "properties", "properties", "{F4F6A647-BF8E-4E66-A89F-E72F6431F26C}"
	ProjectSection(SolutionItems) = preProject
		Directory.Build.props = Directory.Build.props
	EndProjectSection
EndProject
Project("{9A19103F-16F7-4668-BE54-9A1E7A4F7556}") = "Domore.Logs.Conf", "Domore.Logs.Conf\Domore.Logs.Conf.csproj", "{359DB8D7-AFD4-4DB2-8832-E888A3432DEB}"
EndProject
Project("{9A19103F-16F7-4668-BE54-9A1E7A4F7556}") = "Domore.Logs.Sample.Conf", "Domore.Logs.Sample.Conf\Domore.Logs.Sample.Conf.csproj", "{3BCED9FE-7833-4F48-8C19-7848093923D1}"
EndProject
Project("{FAE04EC0-301F-11D3-BF4B-00C04F79EFBC}") = "Domore.Logs.Abstractions", "Domore.Logs.Abstractions\Domore.Logs.Abstractions.csproj", "{D6C50C5E-41F8-49DC-B76C-EAA20450A04D}"
EndProject
Global
	GlobalSection(SolutionConfigurationPlatforms) = preSolution
		Debug|Any CPU = Debug|Any CPU
		Release|Any CPU = Release|Any CPU
	EndGlobalSection
	GlobalSection(ProjectConfigurationPlatforms) = postSolution
		{EDA74700-C454-41FA-985D-0F6F0348FF1A}.Debug|Any CPU.ActiveCfg = Debug|Any CPU
		{EDA74700-C454-41FA-985D-0F6F0348FF1A}.Debug|Any CPU.Build.0 = Debug|Any CPU
		{EDA74700-C454-41FA-985D-0F6F0348FF1A}.Release|Any CPU.ActiveCfg = Release|Any CPU
		{EDA74700-C454-41FA-985D-0F6F0348FF1A}.Release|Any CPU.Build.0 = Release|Any CPU
		{67910DB4-8729-4BB7-95AF-5E66C1B8F2A9}.Debug|Any CPU.ActiveCfg = Debug|Any CPU
		{67910DB4-8729-4BB7-95AF-5E66C1B8F2A9}.Debug|Any CPU.Build.0 = Debug|Any CPU
		{67910DB4-8729-4BB7-95AF-5E66C1B8F2A9}.Release|Any CPU.ActiveCfg = Release|Any CPU
		{67910DB4-8729-4BB7-95AF-5E66C1B8F2A9}.Release|Any CPU.Build.0 = Release|Any CPU
		{6B152B45-2815-4EB8-84C0-21DC8235E095}.Debug|Any CPU.ActiveCfg = Debug|Any CPU
		{6B152B45-2815-4EB8-84C0-21DC8235E095}.Debug|Any CPU.Build.0 = Debug|Any CPU
		{6B152B45-2815-4EB8-84C0-21DC8235E095}.Release|Any CPU.ActiveCfg = Release|Any CPU
		{6B152B45-2815-4EB8-84C0-21DC8235E095}.Release|Any CPU.Build.0 = Release|Any CPU
		{77FDE8EE-77E3-4C95-8A2D-BABE53EC7B98}.Debug|Any CPU.ActiveCfg = Debug|Any CPU
		{77FDE8EE-77E3-4C95-8A2D-BABE53EC7B98}.Debug|Any CPU.Build.0 = Debug|Any CPU
		{77FDE8EE-77E3-4C95-8A2D-BABE53EC7B98}.Release|Any CPU.ActiveCfg = Release|Any CPU
		{359DB8D7-AFD4-4DB2-8832-E888A3432DEB}.Debug|Any CPU.ActiveCfg = Debug|Any CPU
		{359DB8D7-AFD4-4DB2-8832-E888A3432DEB}.Debug|Any CPU.Build.0 = Debug|Any CPU
		{359DB8D7-AFD4-4DB2-8832-E888A3432DEB}.Release|Any CPU.ActiveCfg = Release|Any CPU
		{359DB8D7-AFD4-4DB2-8832-E888A3432DEB}.Release|Any CPU.Build.0 = Release|Any CPU
		{3BCED9FE-7833-4F48-8C19-7848093923D1}.Debug|Any CPU.ActiveCfg = Debug|Any CPU
		{3BCED9FE-7833-4F48-8C19-7848093923D1}.Debug|Any CPU.Build.0 = Debug|Any CPU
		{3BCED9FE-7833-4F48-8C19-7848093923D1}.Release|Any CPU.ActiveCfg = Release|Any CPU
		{3BCED9FE-7833-4F48-8C19-7848093923D1}.Release|Any CPU.Build.0 = Release|Any CPU
		{D6C50C5E-41F8-49DC-B76C-EAA20450A04D}.Debug|Any CPU.ActiveCfg = Debug|Any CPU
		{D6C50C5E-41F8-49DC-B76C-EAA20450A04D}.Debug|Any CPU.Build.0 = Debug|Any CPU
		{D6C50C5E-41F8-49DC-B76C-EAA20450A04D}.Release|Any CPU.ActiveCfg = Release|Any CPU
		{D6C50C5E-41F8-49DC-B76C-EAA20450A04D}.Release|Any CPU.Build.0 = Release|Any CPU
	EndGlobalSection
	GlobalSection(SolutionProperties) = preSolution
		HideSolutionNode = FALSE
	EndGlobalSection
	GlobalSection(NestedProjects) = preSolution
		{67910DB4-8729-4BB7-95AF-5E66C1B8F2A9} = {0834A82A-6822-49FE-8F5F-A97310B0DDE4}
		{6B152B45-2815-4EB8-84C0-21DC8235E095} = {93C21B4C-F347-4C0F-84E6-C1F89DA0CAC8}
		{77FDE8EE-77E3-4C95-8A2D-BABE53EC7B98} = {43178BAC-0253-479B-9E56-640E787554FB}
		{3BCED9FE-7833-4F48-8C19-7848093923D1} = {0834A82A-6822-49FE-8F5F-A97310B0DDE4}
	EndGlobalSection
	GlobalSection(ExtensibilityGlobals) = postSolution
		SolutionGuid = {0B3BA384-5E1F-4EA1-9571-8A80A923EA3B}
	EndGlobalSection
EndGlobal
